
Microsoft Visual Studio Solution File, Format Version 12.00
# Visual Studio Version 16
VisualStudioVersion = 16.0.31702.278
MinimumVisualStudioVersion = 10.0.40219.1
Project("{8BC9CEB8-8B4A-11D0-8D11-00A0C91BC942}") = "amsiclient", "amsiclient\amsiclient.vcxproj", "{2453DD7A-79D2-4EF2-A9DE-6C96BF4F3739}"
EndProject
Project("{8BC9CEB8-8B4A-11D0-8D11-00A0C91BC942}") = "amsiprovider", "amsiprovider\amsiprovider.vcxproj", "{567DD0DE-0184-4BB0-BE85-EAB4AD70BA7C}"
EndProject
Project("{8BC9CEB8-8B4A-11D0-8D11-00A0C91BC942}") = "amsiinstaller", "amsiinstaller\amsiinstaller.vcxproj", "{9E87EF4F-1883-4BB8-A579-ADF575A6BCE4}"
EndProject
Global
	GlobalSection(SolutionConfigurationPlatforms) = preSolution
		Debug|x64 = Debug|x64
		Debug|x86 = Debug|x86
		Release|x64 = Release|x64
		Release|x86 = Release|x86
	EndGlobalSection
	GlobalSection(ProjectConfigurationPlatforms) = postSolution
		{2453DD7A-79D2-4EF2-A9DE-6C96BF4F3739}.Debug|x64.ActiveCfg = Debug|x64
		{2453DD7A-79D2-4EF2-A9DE-6C96BF4F3739}.Debug|x64.Build.0 = Debug|x64
		{2453DD7A-79D2-4EF2-A9DE-6C96BF4F3739}.Debug|x86.ActiveCfg = Debug|Win32
		{2453DD7A-79D2-4EF2-A9DE-6C96BF4F3739}.Debug|x86.Build.0 = Debug|Win32
		{2453DD7A-79D2-4EF2-A9DE-6C96BF4F3739}.Release|x64.ActiveCfg = Release|x64
		{2453DD7A-79D2-4EF2-A9DE-6C96BF4F3739}.Release|x64.Build.0 = Release|x64
		{2453DD7A-79D2-4EF2-A9DE-6C96BF4F3739}.Release|x86.ActiveCfg = Release|Win32
		{2453DD7A-79D2-4EF2-A9DE-6C96BF4F3739}.Release|x86.Build.0 = Release|Win32
		{567DD0DE-0184-4BB0-BE85-EAB4AD70BA7C}.Debug|x64.ActiveCfg = Debug|x64
		{567DD0DE-0184-4BB0-BE85-EAB4AD70BA7C}.Debug|x64.Build.0 = Debug|x64
		{567DD0DE-0184-4BB0-BE85-EAB4AD70BA7C}.Debug|x86.ActiveCfg = Debug|Win32
		{567DD0DE-0184-4BB0-BE85-EAB4AD70BA7C}.Debug|x86.Build.0 = Debug|Win32
		{567DD0DE-0184-4BB0-BE85-EAB4AD70BA7C}.Release|x64.ActiveCfg = Release|x64
		{567DD0DE-0184-4BB0-BE85-EAB4AD70BA7C}.Release|x64.Build.0 = Release|x64
		{567DD0DE-0184-4BB0-BE85-EAB4AD70BA7C}.Release|x86.ActiveCfg = Release|Win32
		{567DD0DE-0184-4BB0-BE85-EAB4AD70BA7C}.Release|x86.Build.0 = Release|Win32
		{9E87EF4F-1883-4BB8-A579-ADF575A6BCE4}.Debug|x64.ActiveCfg = Debug|x64
		{9E87EF4F-1883-4BB8-A579-ADF575A6BCE4}.Debug|x64.Build.0 = Debug|x64
		{9E87EF4F-1883-4BB8-A579-ADF575A6BCE4}.Debug|x86.ActiveCfg = Debug|Win32
		{9E87EF4F-1883-4BB8-A579-ADF575A6BCE4}.Debug|x86.Build.0 = Debug|Win32
		{9E87EF4F-1883-4BB8-A579-ADF575A6BCE4}.Release|x64.ActiveCfg = Release|x64
		{9E87EF4F-1883-4BB8-A579-ADF575A6BCE4}.Release|x64.Build.0 = Release|x64
		{9E87EF4F-1883-4BB8-A579-ADF575A6BCE4}.Release|x86.ActiveCfg = Release|Win32
		{9E87EF4F-1883-4BB8-A579-ADF575A6BCE4}.Release|x86.Build.0 = Release|Win32
	EndGlobalSection
	GlobalSection(SolutionProperties) = preSolution
		HideSolutionNode = FALSE
	EndGlobalSection
	GlobalSection(ExtensibilityGlobals) = postSolution
		SolutionGuid = {4E171306-8CFE-4D9A-ABEE-F67A3A3D0D61}
	EndGlobalSection
EndGlobal
